
Microsoft Visual Studio Solution File, Format Version 12.00
# Visual Studio 15
VisualStudioVersion = 15.0.27703.2035
MinimumVisualStudioVersion = 10.0.40219.1
Project("{FAE04EC0-301F-11D3-BF4B-00C04F79EFBC}") = "AccountValidation", "AccountValidation\AccountValidation.csproj", "{CF93FB35-D610-4024-89FF-F2B6290B80DC}"
EndProject
Project("{FAE04EC0-301F-11D3-BF4B-00C04F79EFBC}") = "AccountValidation.Tests", "AccountValidation.Tests\AccountValidation.Tests.csproj", "{431F4762-97E0-4879-B13D-462E48CE5ECB}"
EndProject
Project("{FAE04EC0-301F-11D3-BF4B-00C04F79EFBC}") = "AccountValidationService", "AccountValidationBL\AccountValidationService.csproj", "{24117CDB-69F0-4E46-A088-948E2A8FE029}"
EndProject
Global
	GlobalSection(SolutionConfigurationPlatforms) = preSolution
		Debug|Any CPU = Debug|Any CPU
		Release|Any CPU = Release|Any CPU
	EndGlobalSection
	GlobalSection(ProjectConfigurationPlatforms) = postSolution
		{CF93FB35-D610-4024-89FF-F2B6290B80DC}.Debug|Any CPU.ActiveCfg = Debug|Any CPU
		{CF93FB35-D610-4024-89FF-F2B6290B80DC}.Debug|Any CPU.Build.0 = Debug|Any CPU
		{CF93FB35-D610-4024-89FF-F2B6290B80DC}.Release|Any CPU.ActiveCfg = Release|Any CPU
		{CF93FB35-D610-4024-89FF-F2B6290B80DC}.Release|Any CPU.Build.0 = Release|Any CPU
		{431F4762-97E0-4879-B13D-462E48CE5ECB}.Debug|Any CPU.ActiveCfg = Debug|Any CPU
		{431F4762-97E0-4879-B13D-462E48CE5ECB}.Debug|Any CPU.Build.0 = Debug|Any CPU
		{431F4762-97E0-4879-B13D-462E48CE5ECB}.Release|Any CPU.ActiveCfg = Release|Any CPU
		{431F4762-97E0-4879-B13D-462E48CE5ECB}.Release|Any CPU.Build.0 = Release|Any CPU
		{24117CDB-69F0-4E46-A088-948E2A8FE029}.Debug|Any CPU.ActiveCfg = Debug|Any CPU
		{24117CDB-69F0-4E46-A088-948E2A8FE029}.Debug|Any CPU.Build.0 = Debug|Any CPU
		{24117CDB-69F0-4E46-A088-948E2A8FE029}.Release|Any CPU.ActiveCfg = Release|Any CPU
		{24117CDB-69F0-4E46-A088-948E2A8FE029}.Release|Any CPU.Build.0 = Release|Any CPU
	EndGlobalSection
	GlobalSection(SolutionProperties) = preSolution
		HideSolutionNode = FALSE
	EndGlobalSection
	GlobalSection(ExtensibilityGlobals) = postSolution
		SolutionGuid = {D1E5FC0E-C370-42CC-97DA-1E793CB23B43}
	EndGlobalSection
EndGlobal
